
Microsoft Visual Studio Solution File, Format Version 12.00
# Visual Studio Version 16
VisualStudioVersion = 16.0.31105.61
MinimumVisualStudioVersion = 10.0.40219.1
Project("{FAE04EC0-301F-11D3-BF4B-00C04F79EFBC}") = "Serialization", "Serialization\Serialization.csproj", "{51B305B6-1A22-4C11-9150-0716F92BDBD1}"
EndProject
Project("{FAE04EC0-301F-11D3-BF4B-00C04F79EFBC}") = "Binary", "Binary\Binary.csproj", "{18F2B883-933E-438D-8812-EFB584122078}"
EndProject
Project("{FAE04EC0-301F-11D3-BF4B-00C04F79EFBC}") = "XML", "XML\XML.csproj", "{BD8FE599-25EB-415F-87DC-91486596750F}"
EndProject
Project("{FAE04EC0-301F-11D3-BF4B-00C04F79EFBC}") = "Json_Serial", "Json_Serial\Json_Serial.csproj", "{14F720F6-C33F-4DC7-BF43-A06F7AA46D86}"
EndProject
Project("{FAE04EC0-301F-11D3-BF4B-00C04F79EFBC}") = "Json-Core", "Json-Core\Json-Core.csproj", "{4A1F5DAA-8217-4413-ACCC-8278D3F0C408}"
EndProject
Global
	GlobalSection(SolutionConfigurationPlatforms) = preSolution
		Debug|Any CPU = Debug|Any CPU
		Release|Any CPU = Release|Any CPU
	EndGlobalSection
	GlobalSection(ProjectConfigurationPlatforms) = postSolution
		{51B305B6-1A22-4C11-9150-0716F92BDBD1}.Debug|Any CPU.ActiveCfg = Debug|Any CPU
		{51B305B6-1A22-4C11-9150-0716F92BDBD1}.Debug|Any CPU.Build.0 = Debug|Any CPU
		{51B305B6-1A22-4C11-9150-0716F92BDBD1}.Release|Any CPU.ActiveCfg = Release|Any CPU
		{51B305B6-1A22-4C11-9150-0716F92BDBD1}.Release|Any CPU.Build.0 = Release|Any CPU
		{18F2B883-933E-438D-8812-EFB584122078}.Debug|Any CPU.ActiveCfg = Debug|Any CPU
		{18F2B883-933E-438D-8812-EFB584122078}.Debug|Any CPU.Build.0 = Debug|Any CPU
		{18F2B883-933E-438D-8812-EFB584122078}.Release|Any CPU.ActiveCfg = Release|Any CPU
		{18F2B883-933E-438D-8812-EFB584122078}.Release|Any CPU.Build.0 = Release|Any CPU
		{BD8FE599-25EB-415F-87DC-91486596750F}.Debug|Any CPU.ActiveCfg = Debug|Any CPU
		{BD8FE599-25EB-415F-87DC-91486596750F}.Debug|Any CPU.Build.0 = Debug|Any CPU
		{BD8FE599-25EB-415F-87DC-91486596750F}.Release|Any CPU.ActiveCfg = Release|Any CPU
		{BD8FE599-25EB-415F-87DC-91486596750F}.Release|Any CPU.Build.0 = Release|Any CPU
		{14F720F6-C33F-4DC7-BF43-A06F7AA46D86}.Debug|Any CPU.ActiveCfg = Debug|Any CPU
		{14F720F6-C33F-4DC7-BF43-A06F7AA46D86}.Debug|Any CPU.Build.0 = Debug|Any CPU
		{14F720F6-C33F-4DC7-BF43-A06F7AA46D86}.Release|Any CPU.ActiveCfg = Release|Any CPU
		{14F720F6-C33F-4DC7-BF43-A06F7AA46D86}.Release|Any CPU.Build.0 = Release|Any CPU
		{4A1F5DAA-8217-4413-ACCC-8278D3F0C408}.Debug|Any CPU.ActiveCfg = Debug|Any CPU
		{4A1F5DAA-8217-4413-ACCC-8278D3F0C408}.Debug|Any CPU.Build.0 = Debug|Any CPU
		{4A1F5DAA-8217-4413-ACCC-8278D3F0C408}.Release|Any CPU.ActiveCfg = Release|Any CPU
		{4A1F5DAA-8217-4413-ACCC-8278D3F0C408}.Release|Any CPU.Build.0 = Release|Any CPU
	EndGlobalSection
	GlobalSection(SolutionProperties) = preSolution
		HideSolutionNode = FALSE
	EndGlobalSection
	GlobalSection(ExtensibilityGlobals) = postSolution
		SolutionGuid = {AF50AA89-A81E-41A4-B3B5-0726D282404E}
	EndGlobalSection
EndGlobal
